<?xml version="1.0" encoding="utf-8"?>
<Project ToolsVersion="4.0" xmlns="http://schemas.microsoft.com/developer/msbuild/2003">
  <ItemGroup>
    <ClInclude Include="TGLUtil.h">
      <Filter>Util</Filter>
    </ClInclude>
    <ClInclude Include="TGLString.h">
      <Filter>Util</Filter>
    </ClInclude>
    <ClInclude Include="TGLGlobal.h">
      <Filter>Global</Filter>
    </ClInclude>
    <ClInclude Include="TileGameLib.h">
      <Filter>Global</Filter>
    </ClInclude>
    <ClInclude Include="TGLColor.h">
      <Filter>Graphics</Filter>
    </ClInclude>
    <ClInclude Include="TGLPalette.h">
      <Filter>Graphics</Filter>
    </ClInclude>
    <ClInclude Include="TGLCharset.h">
      <Filter>Graphics</Filter>
    </ClInclude>
    <ClInclude Include="TGLChar.h">
      <Filter>Graphics</Filter>
    </ClInclude>
    <ClInclude Include="TGLTile.h">
      <Filter>Graphics</Filter>
    </ClInclude>
    <ClInclude Include="TGLClass.h">
      <Filter>Global</Filter>
    </ClInclude>
    <ClInclude Include="TGLTileSequence.h">
      <Filter>Graphics</Filter>
    </ClInclude>
    <ClInclude Include="TGLWindow.h">
      <Filter>Graphics</Filter>
    </ClInclude>
  </ItemGroup>
  <ItemGroup>
    <ClCompile Include="TGLString.cpp">
      <Filter>Util</Filter>
    </ClCompile>
    <ClCompile Include="TGLUtil.cpp">
      <Filter>Util</Filter>
    </ClCompile>
    <ClCompile Include="TGLColor.cpp">
      <Filter>Graphics</Filter>
    </ClCompile>
    <ClCompile Include="TGLPalette.cpp">
      <Filter>Graphics</Filter>
    </ClCompile>
    <ClCompile Include="TGLCharset.cpp">
      <Filter>Graphics</Filter>
    </ClCompile>
    <ClCompile Include="TGLChar.cpp">
      <Filter>Graphics</Filter>
    </ClCompile>
    <ClCompile Include="TGLTile.cpp">
      <Filter>Graphics</Filter>
    </ClCompile>
    <ClCompile Include="TGLClass.cpp">
      <Filter>Global</Filter>
    </ClCompile>
    <ClCompile Include="TGLTileSequence.cpp">
      <Filter>Graphics</Filter>
    </ClCompile>
    <ClCompile Include="TGLWindow.cpp">
      <Filter>Graphics</Filter>
    </ClCompile>
  </ItemGroup>
  <ItemGroup>
    <Filter Include="Global">
      <UniqueIdentifier>{3d60d6c4-5fa0-49c0-9212-92801231bd3c}</UniqueIdentifier>
    </Filter>
    <Filter Include="Graphics">
      <UniqueIdentifier>{e04c1662-9e59-41a4-a9d2-0b2aaa7e8ebf}</UniqueIdentifier>
    </Filter>
    <Filter Include="Util">
      <UniqueIdentifier>{01d4d7dc-cf4d-42d3-bdf1-8e5636a1a814}</UniqueIdentifier>
    </Filter>
  </ItemGroup>
</Project>