<?xml version="1.0" encoding="utf-8"?>
<Project ToolsVersion="4.0" xmlns="http://schemas.microsoft.com/developer/msbuild/2003">
  <ItemGroup>
    <ClInclude Include="TChar.h" />
    <ClInclude Include="TCharset.h" />
    <ClInclude Include="TColor.h" />
    <ClInclude Include="TPalette.h" />
    <ClInclude Include="TWindow.h" />
    <ClInclude Include="TKey.h" />
    <ClInclude Include="TGlobal.h" />
    <ClInclude Include="TileGameLib.h" />
    <ClInclude Include="TSound.h" />
    <ClInclude Include="TImage.h" />
  </ItemGroup>
  <ItemGroup>
    <ClCompile Include="TChar.cpp" />
    <ClCompile Include="TCharset.cpp" />
    <ClCompile Include="TColor.cpp" />
    <ClCompile Include="TPalette.cpp" />
    <ClCompile Include="TWindow.cpp" />
    <ClCompile Include="TKey.cpp" />
    <ClCompile Include="TSound.cpp" />
    <ClCompile Include="TImage.cpp" />
  </ItemGroup>
</Project>