<?xml version="1.0" encoding="utf-8"?>
<Project ToolsVersion="4.0" xmlns="http://schemas.microsoft.com/developer/msbuild/2003">
  <ItemGroup>
    <ClInclude Include="TileGameLib.h">
      <Filter>Global</Filter>
    </ClInclude>
    <ClInclude Include="TClass.h">
      <Filter>Global</Filter>
    </ClInclude>
    <ClInclude Include="TGlobal.h">
      <Filter>Global</Filter>
    </ClInclude>
    <ClInclude Include="TChar.h">
      <Filter>Graphics</Filter>
    </ClInclude>
    <ClInclude Include="TCharset.h">
      <Filter>Graphics</Filter>
    </ClInclude>
    <ClInclude Include="TPalette.h">
      <Filter>Graphics</Filter>
    </ClInclude>
    <ClInclude Include="TColor.h">
      <Filter>Graphics</Filter>
    </ClInclude>
    <ClInclude Include="TTile.h">
      <Filter>Graphics</Filter>
    </ClInclude>
    <ClInclude Include="TTileSequence.h">
      <Filter>Graphics</Filter>
    </ClInclude>
    <ClInclude Include="TWindow.h">
      <Filter>Graphics</Filter>
    </ClInclude>
    <ClInclude Include="TKey.h">
      <Filter>Input</Filter>
    </ClInclude>
    <ClInclude Include="TUtil.h">
      <Filter>Util</Filter>
    </ClInclude>
    <ClInclude Include="TString.h">
      <Filter>Util</Filter>
    </ClInclude>
    <ClInclude Include="TObject.h">
      <Filter>Board</Filter>
    </ClInclude>
    <ClInclude Include="TBoardCell.h">
      <Filter>Board</Filter>
    </ClInclude>
    <ClInclude Include="TBoardLayer.h">
      <Filter>Board</Filter>
    </ClInclude>
    <ClInclude Include="TBoard.h">
      <Filter>Board</Filter>
    </ClInclude>
    <ClInclude Include="TBoardView.h">
      <Filter>Board</Filter>
    </ClInclude>
    <ClInclude Include="TGraphics.h">
      <Filter>Graphics</Filter>
    </ClInclude>
  </ItemGroup>
  <ItemGroup>
    <ClCompile Include="TClass.cpp">
      <Filter>Global</Filter>
    </ClCompile>
    <ClCompile Include="TChar.cpp">
      <Filter>Graphics</Filter>
    </ClCompile>
    <ClCompile Include="TCharset.cpp">
      <Filter>Graphics</Filter>
    </ClCompile>
    <ClCompile Include="TPalette.cpp">
      <Filter>Graphics</Filter>
    </ClCompile>
    <ClCompile Include="TColor.cpp">
      <Filter>Graphics</Filter>
    </ClCompile>
    <ClCompile Include="TTile.cpp">
      <Filter>Graphics</Filter>
    </ClCompile>
    <ClCompile Include="TTileSequence.cpp">
      <Filter>Graphics</Filter>
    </ClCompile>
    <ClCompile Include="TWindow.cpp">
      <Filter>Graphics</Filter>
    </ClCompile>
    <ClCompile Include="TKey.cpp">
      <Filter>Input</Filter>
    </ClCompile>
    <ClCompile Include="TUtil.cpp">
      <Filter>Util</Filter>
    </ClCompile>
    <ClCompile Include="TString.cpp">
      <Filter>Util</Filter>
    </ClCompile>
    <ClCompile Include="TObject.cpp">
      <Filter>Board</Filter>
    </ClCompile>
    <ClCompile Include="TBoardCell.cpp">
      <Filter>Board</Filter>
    </ClCompile>
    <ClCompile Include="TBoardLayer.cpp">
      <Filter>Board</Filter>
    </ClCompile>
    <ClCompile Include="TBoard.cpp">
      <Filter>Board</Filter>
    </ClCompile>
    <ClCompile Include="TBoardView.cpp">
      <Filter>Board</Filter>
    </ClCompile>
    <ClCompile Include="TGraphics.cpp">
      <Filter>Graphics</Filter>
    </ClCompile>
  </ItemGroup>
  <ItemGroup>
    <Filter Include="Global">
      <UniqueIdentifier>{3d60d6c4-5fa0-49c0-9212-92801231bd3c}</UniqueIdentifier>
    </Filter>
    <Filter Include="Graphics">
      <UniqueIdentifier>{e04c1662-9e59-41a4-a9d2-0b2aaa7e8ebf}</UniqueIdentifier>
    </Filter>
    <Filter Include="Util">
      <UniqueIdentifier>{01d4d7dc-cf4d-42d3-bdf1-8e5636a1a814}</UniqueIdentifier>
    </Filter>
    <Filter Include="Input">
      <UniqueIdentifier>{d590122f-bde8-428b-b2e4-381998333d43}</UniqueIdentifier>
    </Filter>
    <Filter Include="Board">
      <UniqueIdentifier>{d43a1519-d4f9-4f7b-b3b4-9de9f1f78598}</UniqueIdentifier>
    </Filter>
  </ItemGroup>
</Project>