<?xml version="1.0" encoding="utf-8"?>
<Project ToolsVersion="4.0" xmlns="http://schemas.microsoft.com/developer/msbuild/2003">
  <ItemGroup>
    <ClCompile Include="Main.cpp" />
    <ClCompile Include="MainMenu.cpp" />
    <ClCompile Include="Demo01.cpp" />
    <ClCompile Include="Demo02.cpp" />
  </ItemGroup>
  <ItemGroup>
    <ClInclude Include="MainMenu.h" />
    <ClInclude Include="Demos.h" />
  </ItemGroup>
</Project>