
Microsoft Visual Studio Solution File, Format Version 12.00
# Visual Studio Version 16
VisualStudioVersion = 16.0.33027.164
MinimumVisualStudioVersion = 10.0.40219.1
Project("{FAE04EC0-301F-11D3-BF4B-00C04F79EFBC}") = "TGLTilePaint", "TGLTilePaint\TGLTilePaint.csproj", "{64AA5AE2-1C5F-472F-BD23-230B5509308E}"
EndProject
Global
	GlobalSection(SolutionConfigurationPlatforms) = preSolution
		Debug|Any CPU = Debug|Any CPU
		Release|Any CPU = Release|Any CPU
	EndGlobalSection
	GlobalSection(ProjectConfigurationPlatforms) = postSolution
		{64AA5AE2-1C5F-472F-BD23-230B5509308E}.Debug|Any CPU.ActiveCfg = Debug|Any CPU
		{64AA5AE2-1C5F-472F-BD23-230B5509308E}.Debug|Any CPU.Build.0 = Debug|Any CPU
		{64AA5AE2-1C5F-472F-BD23-230B5509308E}.Release|Any CPU.ActiveCfg = Release|Any CPU
		{64AA5AE2-1C5F-472F-BD23-230B5509308E}.Release|Any CPU.Build.0 = Release|Any CPU
	EndGlobalSection
	GlobalSection(SolutionProperties) = preSolution
		HideSolutionNode = FALSE
	EndGlobalSection
	GlobalSection(ExtensibilityGlobals) = postSolution
		SolutionGuid = {77C759D6-6C99-4253-8565-59F2A9D09464}
	EndGlobalSection
EndGlobal
