<?xml version="1.0" encoding="utf-8"?>
<Project ToolsVersion="4.0" xmlns="http://schemas.microsoft.com/developer/msbuild/2003">
  <ItemGroup>
    <ClCompile Include="src\TGL.cpp" />
    <ClCompile Include="src\TGL_Window.cpp">
      <Filter>GRAPHICS</Filter>
    </ClCompile>
    <ClCompile Include="src\TGL_Image.cpp">
      <Filter>GRAPHICS</Filter>
    </ClCompile>
    <ClCompile Include="src\TGL_Color.cpp">
      <Filter>GRAPHICS</Filter>
    </ClCompile>
    <ClCompile Include="src\TGL_String.cpp">
      <Filter>UTIL</Filter>
    </ClCompile>
    <ClCompile Include="src\TGL_Util.cpp">
      <Filter>UTIL</Filter>
    </ClCompile>
    <ClCompile Include="src\TGL_Rect.cpp">
      <Filter>UTIL</Filter>
    </ClCompile>
    <ClCompile Include="src\TGL_Point.cpp">
      <Filter>UTIL</Filter>
    </ClCompile>
    <ClCompile Include="src\TGL_Size.cpp">
      <Filter>UTIL</Filter>
    </ClCompile>
    <ClCompile Include="src\TGL_Graphics.cpp">
      <Filter>GRAPHICS</Filter>
    </ClCompile>
    <ClCompile Include="src\TGL_BitPattern.cpp">
      <Filter>GRAPHICS</Filter>
    </ClCompile>
    <ClCompile Include="src\TGL_TiledImage.cpp">
      <Filter>GRAPHICS</Filter>
    </ClCompile>
    <ClCompile Include="src\TGL_Charset.cpp">
      <Filter>GRAPHICS</Filter>
    </ClCompile>
    <ClCompile Include="src\TGL_Application.cpp">
      <Filter>APPLICATION</Filter>
    </ClCompile>
    <ClCompile Include="src\TGL_Keyboard.cpp">
      <Filter>INPUT</Filter>
    </ClCompile>
    <ClCompile Include="src\TGL_GameBase.cpp">
      <Filter>APPLICATION</Filter>
    </ClCompile>
    <ClCompile Include="src\TGL_Properties.cpp">
      <Filter>UTIL</Filter>
    </ClCompile>
    <ClCompile Include="src\TGL_Sprite.cpp">
      <Filter>GRAPHICS</Filter>
    </ClCompile>
    <ClCompile Include="src\TGL_TileMap.cpp">
      <Filter>GRAPHICS</Filter>
    </ClCompile>
    <ClCompile Include="src\TGL_SpriteBase.cpp">
      <Filter>GRAPHICS</Filter>
    </ClCompile>
    <ClCompile Include="src\TGL_ImagePool.cpp">
      <Filter>GRAPHICS</Filter>
    </ClCompile>
  </ItemGroup>
  <ItemGroup>
    <ClInclude Include="src\TGL.h" />
    <ClInclude Include="src\TGL_Window.h">
      <Filter>GRAPHICS</Filter>
    </ClInclude>
    <ClInclude Include="src\TGL_Rgb.h">
      <Filter>GRAPHICS</Filter>
    </ClInclude>
    <ClInclude Include="src\TGL_Image.h">
      <Filter>GRAPHICS</Filter>
    </ClInclude>
    <ClInclude Include="src\TGL_Color.h">
      <Filter>GRAPHICS</Filter>
    </ClInclude>
    <ClInclude Include="src\TGL_Util.h">
      <Filter>UTIL</Filter>
    </ClInclude>
    <ClInclude Include="src\TGL_List.h">
      <Filter>UTIL</Filter>
    </ClInclude>
    <ClInclude Include="src\TGL_String.h">
      <Filter>UTIL</Filter>
    </ClInclude>
    <ClInclude Include="src\TGL_Global.h">
      <Filter>GLOBAL</Filter>
    </ClInclude>
    <ClInclude Include="src\TGL_Rect.h">
      <Filter>UTIL</Filter>
    </ClInclude>
    <ClInclude Include="src\TGL_Point.h">
      <Filter>UTIL</Filter>
    </ClInclude>
    <ClInclude Include="src\TGL_Size.h">
      <Filter>UTIL</Filter>
    </ClInclude>
    <ClInclude Include="src\TGL_Graphics.h">
      <Filter>GRAPHICS</Filter>
    </ClInclude>
    <ClInclude Include="src\TGL_BitPattern.h">
      <Filter>GRAPHICS</Filter>
    </ClInclude>
    <ClInclude Include="src\TGL_TiledImage.h">
      <Filter>GRAPHICS</Filter>
    </ClInclude>
    <ClInclude Include="src\TGL_Charset.h">
      <Filter>GRAPHICS</Filter>
    </ClInclude>
    <ClInclude Include="src\TGL_Index.h">
      <Filter>UTIL</Filter>
    </ClInclude>
    <ClInclude Include="src\TGL_Application.h">
      <Filter>APPLICATION</Filter>
    </ClInclude>
    <ClInclude Include="src\TGL_Keyboard.h">
      <Filter>INPUT</Filter>
    </ClInclude>
    <ClInclude Include="src\TGL_Dict.h">
      <Filter>UTIL</Filter>
    </ClInclude>
    <ClInclude Include="src\TGL_GameBase.h">
      <Filter>APPLICATION</Filter>
    </ClInclude>
    <ClInclude Include="src\TGL_Properties.h">
      <Filter>UTIL</Filter>
    </ClInclude>
    <ClInclude Include="src\TGL_Sprite.h">
      <Filter>GRAPHICS</Filter>
    </ClInclude>
    <ClInclude Include="src\TGL_TileMap.h">
      <Filter>GRAPHICS</Filter>
    </ClInclude>
    <ClInclude Include="src\TGL_PointerTypes.h">
      <Filter>UTIL</Filter>
    </ClInclude>
    <ClInclude Include="src\TGL_SpriteBase.h">
      <Filter>GRAPHICS</Filter>
    </ClInclude>
    <ClInclude Include="src\TGL_ImagePool.h">
      <Filter>GRAPHICS</Filter>
    </ClInclude>
  </ItemGroup>
  <ItemGroup>
    <Filter Include="UTIL">
      <UniqueIdentifier>{55229192-03cf-4945-906d-1aff044c14d2}</UniqueIdentifier>
    </Filter>
    <Filter Include="GLOBAL">
      <UniqueIdentifier>{57301c92-d2dc-4e0b-ab1a-d376ae48863b}</UniqueIdentifier>
    </Filter>
    <Filter Include="APPLICATION">
      <UniqueIdentifier>{76cf87e0-fe76-473f-b8b7-ee8e362f5351}</UniqueIdentifier>
    </Filter>
    <Filter Include="INPUT">
      <UniqueIdentifier>{77d723ff-1765-4ef9-b86b-39aff73c8048}</UniqueIdentifier>
    </Filter>
    <Filter Include="GRAPHICS">
      <UniqueIdentifier>{ecb12be1-d020-43b7-8650-42038d64540a}</UniqueIdentifier>
    </Filter>
  </ItemGroup>
</Project>