<?xml version="1.0" encoding="utf-8"?>
<Project ToolsVersion="4.0" xmlns="http://schemas.microsoft.com/developer/msbuild/2003">
  <ItemGroup>
    <ClInclude Include="TGlobal.h" />
    <ClInclude Include="TileGameLib.h" />
    <ClInclude Include="TSound.h">
      <Filter>Audio</Filter>
    </ClInclude>
    <ClInclude Include="TKey.h">
      <Filter>Input</Filter>
    </ClInclude>
    <ClInclude Include="TGamepad.h">
      <Filter>Input</Filter>
    </ClInclude>
    <ClInclude Include="TBufferedWindow.h">
      <Filter>Graphics\Window</Filter>
    </ClInclude>
    <ClInclude Include="TPanelWindow.h">
      <Filter>Graphics\Window</Filter>
    </ClInclude>
    <ClInclude Include="TColor.h">
      <Filter>Graphics\Core</Filter>
    </ClInclude>
    <ClInclude Include="TChar.h">
      <Filter>Graphics\Core</Filter>
    </ClInclude>
    <ClInclude Include="TCharset.h">
      <Filter>Graphics\Core</Filter>
    </ClInclude>
    <ClInclude Include="TPalette.h">
      <Filter>Graphics\Core</Filter>
    </ClInclude>
    <ClInclude Include="TTile.h">
      <Filter>Graphics\Tile</Filter>
    </ClInclude>
    <ClInclude Include="TTileBuffer.h">
      <Filter>Graphics\Tile</Filter>
    </ClInclude>
    <ClInclude Include="TTileBufferLayer.h">
      <Filter>Graphics\Tile</Filter>
    </ClInclude>
    <ClInclude Include="TTileSeq.h">
      <Filter>Graphics\Tile</Filter>
    </ClInclude>
    <ClInclude Include="TImage.h">
      <Filter>Graphics\Image</Filter>
    </ClInclude>
    <ClInclude Include="TTiledImage.h">
      <Filter>Graphics\Image</Filter>
    </ClInclude>
    <ClInclude Include="TRegion.h">
      <Filter>Graphics\Core</Filter>
    </ClInclude>
    <ClInclude Include="TPanel.h">
      <Filter>Graphics\Window</Filter>
    </ClInclude>
    <ClInclude Include="TImageWindow.h">
      <Filter>Graphics\Window</Filter>
    </ClInclude>
  </ItemGroup>
  <ItemGroup>
    <ClCompile Include="TSound.cpp">
      <Filter>Audio</Filter>
    </ClCompile>
    <ClCompile Include="TKey.cpp">
      <Filter>Input</Filter>
    </ClCompile>
    <ClCompile Include="TGamepad.cpp">
      <Filter>Input</Filter>
    </ClCompile>
    <ClCompile Include="TBufferedWindow.cpp">
      <Filter>Graphics\Window</Filter>
    </ClCompile>
    <ClCompile Include="TPanelWindow.cpp">
      <Filter>Graphics\Window</Filter>
    </ClCompile>
    <ClCompile Include="TColor.cpp">
      <Filter>Graphics\Core</Filter>
    </ClCompile>
    <ClCompile Include="TChar.cpp">
      <Filter>Graphics\Core</Filter>
    </ClCompile>
    <ClCompile Include="TCharset.cpp">
      <Filter>Graphics\Core</Filter>
    </ClCompile>
    <ClCompile Include="TPalette.cpp">
      <Filter>Graphics\Core</Filter>
    </ClCompile>
    <ClCompile Include="TTile.cpp">
      <Filter>Graphics\Tile</Filter>
    </ClCompile>
    <ClCompile Include="TTileBuffer.cpp">
      <Filter>Graphics\Tile</Filter>
    </ClCompile>
    <ClCompile Include="TTileBufferLayer.cpp">
      <Filter>Graphics\Tile</Filter>
    </ClCompile>
    <ClCompile Include="TTileSeq.cpp">
      <Filter>Graphics\Tile</Filter>
    </ClCompile>
    <ClCompile Include="TImage.cpp">
      <Filter>Graphics\Image</Filter>
    </ClCompile>
    <ClCompile Include="TTiledImage.cpp">
      <Filter>Graphics\Image</Filter>
    </ClCompile>
    <ClCompile Include="TRegion.cpp">
      <Filter>Graphics\Core</Filter>
    </ClCompile>
    <ClCompile Include="TPanel.cpp">
      <Filter>Graphics\Window</Filter>
    </ClCompile>
    <ClCompile Include="TImageWindow.cpp">
      <Filter>Graphics\Window</Filter>
    </ClCompile>
  </ItemGroup>
  <ItemGroup>
    <Filter Include="Graphics">
      <UniqueIdentifier>{00280793-b9ac-4e32-8b57-fd8e8409d2db}</UniqueIdentifier>
    </Filter>
    <Filter Include="Audio">
      <UniqueIdentifier>{92855c51-41e1-4a4a-b2a0-54403df843dd}</UniqueIdentifier>
    </Filter>
    <Filter Include="Input">
      <UniqueIdentifier>{8d733df8-b9a0-483e-b24e-61b40dc93af3}</UniqueIdentifier>
    </Filter>
    <Filter Include="Graphics\Window">
      <UniqueIdentifier>{b7f2517c-4e3b-4229-8d09-173fdd9c9389}</UniqueIdentifier>
    </Filter>
    <Filter Include="Graphics\Core">
      <UniqueIdentifier>{eba7172b-86d5-4d6e-a723-7bf586b74868}</UniqueIdentifier>
    </Filter>
    <Filter Include="Graphics\Tile">
      <UniqueIdentifier>{92a59320-835b-43f2-9343-b20911380fb2}</UniqueIdentifier>
    </Filter>
    <Filter Include="Graphics\Image">
      <UniqueIdentifier>{6fcb3979-6ca8-4a56-8e9c-eacb13c8584b}</UniqueIdentifier>
    </Filter>
  </ItemGroup>
</Project>