<?xml version="1.0" encoding="utf-8"?>
<Project ToolsVersion="4.0" xmlns="http://schemas.microsoft.com/developer/msbuild/2003">
  <ItemGroup>
    <ClInclude Include="TGlobal.h" />
    <ClInclude Include="TileGameLib.h" />
    <ClInclude Include="TCharset.h">
      <Filter>Graphics</Filter>
    </ClInclude>
    <ClInclude Include="TPalette.h">
      <Filter>Graphics</Filter>
    </ClInclude>
    <ClInclude Include="TWindow.h">
      <Filter>Graphics</Filter>
    </ClInclude>
    <ClInclude Include="TTileSeq.h">
      <Filter>Graphics</Filter>
    </ClInclude>
    <ClInclude Include="TTiledImage.h">
      <Filter>Graphics</Filter>
    </ClInclude>
    <ClInclude Include="TTile.h">
      <Filter>Graphics</Filter>
    </ClInclude>
    <ClInclude Include="TPanel.h">
      <Filter>Graphics</Filter>
    </ClInclude>
    <ClInclude Include="TSound.h">
      <Filter>Audio</Filter>
    </ClInclude>
    <ClInclude Include="TKey.h">
      <Filter>Input</Filter>
    </ClInclude>
    <ClInclude Include="TChar.h">
      <Filter>Graphics</Filter>
    </ClInclude>
    <ClInclude Include="TColor.h">
      <Filter>Graphics</Filter>
    </ClInclude>
    <ClInclude Include="TImage.h">
      <Filter>Graphics</Filter>
    </ClInclude>
    <ClInclude Include="TRegion.h">
      <Filter>Graphics</Filter>
    </ClInclude>
  </ItemGroup>
  <ItemGroup>
    <ClCompile Include="TCharset.cpp">
      <Filter>Graphics</Filter>
    </ClCompile>
    <ClCompile Include="TPalette.cpp">
      <Filter>Graphics</Filter>
    </ClCompile>
    <ClCompile Include="TWindow.cpp">
      <Filter>Graphics</Filter>
    </ClCompile>
    <ClCompile Include="TTileSeq.cpp">
      <Filter>Graphics</Filter>
    </ClCompile>
    <ClCompile Include="TTiledImage.cpp">
      <Filter>Graphics</Filter>
    </ClCompile>
    <ClCompile Include="TTile.cpp">
      <Filter>Graphics</Filter>
    </ClCompile>
    <ClCompile Include="TPanel.cpp">
      <Filter>Graphics</Filter>
    </ClCompile>
    <ClCompile Include="TSound.cpp">
      <Filter>Audio</Filter>
    </ClCompile>
    <ClCompile Include="TKey.cpp">
      <Filter>Input</Filter>
    </ClCompile>
    <ClCompile Include="TChar.cpp">
      <Filter>Graphics</Filter>
    </ClCompile>
    <ClCompile Include="TColor.cpp">
      <Filter>Graphics</Filter>
    </ClCompile>
    <ClCompile Include="TImage.cpp">
      <Filter>Graphics</Filter>
    </ClCompile>
    <ClCompile Include="TRegion.cpp">
      <Filter>Graphics</Filter>
    </ClCompile>
  </ItemGroup>
  <ItemGroup>
    <Filter Include="Docs">
      <UniqueIdentifier>{5e67c0ec-a136-4dbf-8b47-4c8bf82ad238}</UniqueIdentifier>
    </Filter>
    <Filter Include="Graphics">
      <UniqueIdentifier>{00280793-b9ac-4e32-8b57-fd8e8409d2db}</UniqueIdentifier>
    </Filter>
    <Filter Include="Audio">
      <UniqueIdentifier>{92855c51-41e1-4a4a-b2a0-54403df843dd}</UniqueIdentifier>
    </Filter>
    <Filter Include="Input">
      <UniqueIdentifier>{8d733df8-b9a0-483e-b24e-61b40dc93af3}</UniqueIdentifier>
    </Filter>
  </ItemGroup>
  <ItemGroup>
    <Text Include="TODO.txt">
      <Filter>Docs</Filter>
    </Text>
  </ItemGroup>
</Project>