<?xml version="1.0" encoding="utf-8"?>
<Project ToolsVersion="4.0" xmlns="http://schemas.microsoft.com/developer/msbuild/2003">
  <ItemGroup>
    <ClInclude Include="Graphics.h">
      <Filter>Graphics</Filter>
    </ClInclude>
    <ClInclude Include="Color.h">
      <Filter>Graphics</Filter>
    </ClInclude>
    <ClInclude Include="Palette.h">
      <Filter>Graphics</Filter>
    </ClInclude>
    <ClInclude Include="Util.h">
      <Filter>Util</Filter>
    </ClInclude>
    <ClInclude Include="Map.h">
      <Filter>Map</Filter>
    </ClInclude>
    <ClInclude Include="TBRLGPT.h">
      <Filter>Global</Filter>
    </ClInclude>
    <ClInclude Include="resource.h">
      <Filter>RC</Filter>
    </ClInclude>
    <ClInclude Include="Char.h">
      <Filter>Graphics</Filter>
    </ClInclude>
    <ClInclude Include="CharInstance.h">
      <Filter>Graphics</Filter>
    </ClInclude>
    <ClInclude Include="MapUtils.h">
      <Filter>Map</Filter>
    </ClInclude>
    <ClInclude Include="Global.h">
      <Filter>Global</Filter>
    </ClInclude>
    <ClInclude Include="Charset.h">
      <Filter>Graphics</Filter>
    </ClInclude>
    <ClInclude Include="MapList.h">
      <Filter>Map</Filter>
    </ClInclude>
    <ClInclude Include="Log.h">
      <Filter>Util</Filter>
    </ClInclude>
    <ClInclude Include="Timer.h">
      <Filter>Time</Filter>
    </ClInclude>
    <ClInclude Include="TimerManager.h">
      <Filter>Time</Filter>
    </ClInclude>
    <ClInclude Include="Keyboard.h">
      <Filter>Input</Filter>
    </ClInclude>
    <ClInclude Include="Mouse.h">
      <Filter>Input</Filter>
    </ClInclude>
    <ClInclude Include="StringUtils.h">
      <Filter>Util</Filter>
    </ClInclude>
    <ClInclude Include="File.h">
      <Filter>File</Filter>
    </ClInclude>
    <ClInclude Include="ZipFile.h">
      <Filter>File</Filter>
    </ClInclude>
    <ClInclude Include="FilePath.h">
      <Filter>File</Filter>
    </ClInclude>
    <ClInclude Include="Object.h">
      <Filter>Object</Filter>
    </ClInclude>
    <ClInclude Include="ObjectChar.h">
      <Filter>Object</Filter>
    </ClInclude>
    <ClInclude Include="ObjectLayer.h">
      <Filter>Object</Filter>
    </ClInclude>
    <ClInclude Include="Rect.h">
      <Filter>Util</Filter>
    </ClInclude>
    <ClInclude Include="ConfirmDialog.h">
      <Filter>UI\Dialog</Filter>
    </ClInclude>
    <ClInclude Include="SimpleDialog.h">
      <Filter>UI\Dialog</Filter>
    </ClInclude>
    <ClInclude Include="Menu.h">
      <Filter>UI\Menu</Filter>
    </ClInclude>
    <ClInclude Include="MenuItem.h">
      <Filter>UI\Menu</Filter>
    </ClInclude>
    <ClInclude Include="NumericMenu.h">
      <Filter>UI\Menu</Filter>
    </ClInclude>
    <ClInclude Include="ScrollingMenu.h">
      <Filter>UI\Menu</Filter>
    </ClInclude>
    <ClInclude Include="TextEditor.h">
      <Filter>UI\Text</Filter>
    </ClInclude>
    <ClInclude Include="TextInput.h">
      <Filter>UI\Text</Filter>
    </ClInclude>
    <ClInclude Include="TextPrinter.h">
      <Filter>UI\Text</Filter>
    </ClInclude>
    <ClInclude Include="Window.h">
      <Filter>UI\Window</Filter>
    </ClInclude>
    <ClInclude Include="MapViewport.h">
      <Filter>UI\View</Filter>
    </ClInclude>
    <ClInclude Include="UIContext.h">
      <Filter>UI\Context</Filter>
    </ClInclude>
    <ClInclude Include="FileSelector.h">
      <Filter>UI\Menu</Filter>
    </ClInclude>
    <ClInclude Include="Miniz.h">
      <Filter>File</Filter>
    </ClInclude>
    <ClInclude Include="ObjectAnim.h">
      <Filter>Object</Filter>
    </ClInclude>
    <ClInclude Include="NumberSelect.h">
      <Filter>UI\Select</Filter>
    </ClInclude>
    <ClInclude Include="AnimatedDialog.h">
      <Filter>UI\Dialog</Filter>
    </ClInclude>
    <ClInclude Include="CharEditor.h">
      <Filter>Subsystems\Editors</Filter>
    </ClInclude>
    <ClInclude Include="CharSelector2.h">
      <Filter>Subsystems\Selectors</Filter>
    </ClInclude>
    <ClInclude Include="CharSelector.h">
      <Filter>Subsystems\Selectors</Filter>
    </ClInclude>
    <ClInclude Include="PaletteEditor.h">
      <Filter>Subsystems\Editors</Filter>
    </ClInclude>
    <ClInclude Include="PaletteEditor2.h">
      <Filter>Subsystems\Editors</Filter>
    </ClInclude>
    <ClInclude Include="CharSelectorEditor.h">
      <Filter>Subsystems\Selectors</Filter>
    </ClInclude>
    <ClInclude Include="Audio.h">
      <Filter>Sound</Filter>
    </ClInclude>
    <ClInclude Include="Position.h">
      <Filter>Util</Filter>
    </ClInclude>
    <ClInclude Include="Sound.h">
      <Filter>Sound</Filter>
    </ClInclude>
    <ClInclude Include="GraphicsBuffer.h">
      <Filter>Graphics</Filter>
    </ClInclude>
    <ClInclude Include="GraphicsBufferChar.h">
      <Filter>Graphics</Filter>
    </ClInclude>
    <ClInclude Include="Viewport.h">
      <Filter>Graphics</Filter>
    </ClInclude>
    <ClInclude Include="ObjectPosition.h">
      <Filter>Object</Filter>
    </ClInclude>
    <ClInclude Include="ObjectController.h">
      <Filter>Object</Filter>
    </ClInclude>
    <ClInclude Include="Project.h">
      <Filter>Project</Filter>
    </ClInclude>
  </ItemGroup>
  <ItemGroup>
    <ClCompile Include="Graphics.cpp">
      <Filter>Graphics</Filter>
    </ClCompile>
    <ClCompile Include="Color.cpp">
      <Filter>Graphics</Filter>
    </ClCompile>
    <ClCompile Include="Palette.cpp">
      <Filter>Graphics</Filter>
    </ClCompile>
    <ClCompile Include="Util.cpp">
      <Filter>Util</Filter>
    </ClCompile>
    <ClCompile Include="Map.cpp">
      <Filter>Map</Filter>
    </ClCompile>
    <ClCompile Include="Char.cpp">
      <Filter>Graphics</Filter>
    </ClCompile>
    <ClCompile Include="MapUtils.cpp">
      <Filter>Map</Filter>
    </ClCompile>
    <ClCompile Include="Charset.cpp">
      <Filter>Graphics</Filter>
    </ClCompile>
    <ClCompile Include="MapList.cpp">
      <Filter>Map</Filter>
    </ClCompile>
    <ClCompile Include="Log.cpp">
      <Filter>Util</Filter>
    </ClCompile>
    <ClCompile Include="TBRLGPT.cpp">
      <Filter>Global</Filter>
    </ClCompile>
    <ClCompile Include="Timer.cpp">
      <Filter>Time</Filter>
    </ClCompile>
    <ClCompile Include="TimerManager.cpp">
      <Filter>Time</Filter>
    </ClCompile>
    <ClCompile Include="Keyboard.cpp">
      <Filter>Input</Filter>
    </ClCompile>
    <ClCompile Include="Mouse.cpp">
      <Filter>Input</Filter>
    </ClCompile>
    <ClCompile Include="StringUtils.cpp">
      <Filter>Util</Filter>
    </ClCompile>
    <ClCompile Include="File.cpp">
      <Filter>File</Filter>
    </ClCompile>
    <ClCompile Include="ZipFile.cpp">
      <Filter>File</Filter>
    </ClCompile>
    <ClCompile Include="FilePath.cpp">
      <Filter>File</Filter>
    </ClCompile>
    <ClCompile Include="Object.cpp">
      <Filter>Object</Filter>
    </ClCompile>
    <ClCompile Include="ObjectChar.cpp">
      <Filter>Object</Filter>
    </ClCompile>
    <ClCompile Include="ObjectLayer.cpp">
      <Filter>Object</Filter>
    </ClCompile>
    <ClCompile Include="Rect.cpp">
      <Filter>Util</Filter>
    </ClCompile>
    <ClCompile Include="ConfirmDialog.cpp">
      <Filter>UI\Dialog</Filter>
    </ClCompile>
    <ClCompile Include="SimpleDialog.cpp">
      <Filter>UI\Dialog</Filter>
    </ClCompile>
    <ClCompile Include="Menu.cpp">
      <Filter>UI\Menu</Filter>
    </ClCompile>
    <ClCompile Include="MenuItem.cpp">
      <Filter>UI\Menu</Filter>
    </ClCompile>
    <ClCompile Include="NumericMenu.cpp">
      <Filter>UI\Menu</Filter>
    </ClCompile>
    <ClCompile Include="ScrollingMenu.cpp">
      <Filter>UI\Menu</Filter>
    </ClCompile>
    <ClCompile Include="TextEditor.cpp">
      <Filter>UI\Text</Filter>
    </ClCompile>
    <ClCompile Include="TextInput.cpp">
      <Filter>UI\Text</Filter>
    </ClCompile>
    <ClCompile Include="TextPrinter.cpp">
      <Filter>UI\Text</Filter>
    </ClCompile>
    <ClCompile Include="Window.cpp">
      <Filter>UI\Window</Filter>
    </ClCompile>
    <ClCompile Include="MapViewport.cpp">
      <Filter>UI\View</Filter>
    </ClCompile>
    <ClCompile Include="UIContext.cpp">
      <Filter>UI\Context</Filter>
    </ClCompile>
    <ClCompile Include="FileSelector.cpp">
      <Filter>UI\Menu</Filter>
    </ClCompile>
    <ClCompile Include="Miniz.c">
      <Filter>File</Filter>
    </ClCompile>
    <ClCompile Include="ObjectAnim.cpp">
      <Filter>Object</Filter>
    </ClCompile>
    <ClCompile Include="NumberSelect.cpp">
      <Filter>UI\Select</Filter>
    </ClCompile>
    <ClCompile Include="AnimatedDialog.cpp">
      <Filter>UI\Dialog</Filter>
    </ClCompile>
    <ClCompile Include="CharEditor.cpp">
      <Filter>Subsystems\Editors</Filter>
    </ClCompile>
    <ClCompile Include="CharSelector2.cpp">
      <Filter>Subsystems\Selectors</Filter>
    </ClCompile>
    <ClCompile Include="CharSelector.cpp">
      <Filter>Subsystems\Selectors</Filter>
    </ClCompile>
    <ClCompile Include="PaletteEditor.cpp">
      <Filter>Subsystems\Editors</Filter>
    </ClCompile>
    <ClCompile Include="PaletteEditor2.cpp">
      <Filter>Subsystems\Editors</Filter>
    </ClCompile>
    <ClCompile Include="CharSelectorEditor.cpp">
      <Filter>Subsystems\Selectors</Filter>
    </ClCompile>
    <ClCompile Include="Audio.c">
      <Filter>Sound</Filter>
    </ClCompile>
    <ClCompile Include="Position.cpp">
      <Filter>Util</Filter>
    </ClCompile>
    <ClCompile Include="Sound.cpp">
      <Filter>Sound</Filter>
    </ClCompile>
    <ClCompile Include="GraphicsBuffer.cpp">
      <Filter>Graphics</Filter>
    </ClCompile>
    <ClCompile Include="Viewport.cpp">
      <Filter>Graphics</Filter>
    </ClCompile>
    <ClCompile Include="ObjectPosition.cpp">
      <Filter>Object</Filter>
    </ClCompile>
    <ClCompile Include="ObjectController.cpp">
      <Filter>Object</Filter>
    </ClCompile>
    <ClCompile Include="Project.cpp">
      <Filter>Project</Filter>
    </ClCompile>
  </ItemGroup>
  <ItemGroup>
    <Filter Include="Util">
      <UniqueIdentifier>{e8a0770a-73ef-40b4-a378-5ec43c2fb2b4}</UniqueIdentifier>
    </Filter>
    <Filter Include="Subsystems">
      <UniqueIdentifier>{ac4a2029-6192-4192-8eb3-3cf44280f3f8}</UniqueIdentifier>
    </Filter>
    <Filter Include="Global">
      <UniqueIdentifier>{482ee070-dfc1-4c0e-baa1-624f41b7ec81}</UniqueIdentifier>
    </Filter>
    <Filter Include="RC">
      <UniqueIdentifier>{51bd0f0d-578f-41e5-b8a2-7e3159be55e9}</UniqueIdentifier>
    </Filter>
    <Filter Include="Graphics">
      <UniqueIdentifier>{59bf1069-c42f-42f6-8423-5597344c7410}</UniqueIdentifier>
    </Filter>
    <Filter Include="Map">
      <UniqueIdentifier>{9552edb3-6629-4241-a0f8-2c97955a8a8d}</UniqueIdentifier>
    </Filter>
    <Filter Include="UI">
      <UniqueIdentifier>{0b86e4ce-aba8-4e7c-b448-352ae8a4af24}</UniqueIdentifier>
    </Filter>
    <Filter Include="Time">
      <UniqueIdentifier>{4576157b-30bb-43f2-b5a6-815430c7a701}</UniqueIdentifier>
    </Filter>
    <Filter Include="Input">
      <UniqueIdentifier>{eab750c5-6e0a-4c2d-98a2-c11cb6109bd2}</UniqueIdentifier>
    </Filter>
    <Filter Include="File">
      <UniqueIdentifier>{e6684c93-ed6c-470c-a673-afe7a59f5dc8}</UniqueIdentifier>
    </Filter>
    <Filter Include="Docs">
      <UniqueIdentifier>{fb196258-8578-4394-9f75-5169f0e5b6fb}</UniqueIdentifier>
    </Filter>
    <Filter Include="Object">
      <UniqueIdentifier>{a46d0011-501c-45b9-8c96-faaee36dc4b1}</UniqueIdentifier>
    </Filter>
    <Filter Include="UI\Dialog">
      <UniqueIdentifier>{325bcd94-5ac0-44d7-9158-e0ea4b557883}</UniqueIdentifier>
    </Filter>
    <Filter Include="UI\Menu">
      <UniqueIdentifier>{8fe331ce-8d10-4972-91ef-b672cce310d9}</UniqueIdentifier>
    </Filter>
    <Filter Include="UI\Text">
      <UniqueIdentifier>{6fb83761-866b-435c-8dc4-d6be962ec79f}</UniqueIdentifier>
    </Filter>
    <Filter Include="UI\Window">
      <UniqueIdentifier>{dd9d1cc9-84ac-4b46-8241-0dc144b85fa9}</UniqueIdentifier>
    </Filter>
    <Filter Include="UI\View">
      <UniqueIdentifier>{8ea37167-050f-485e-aa7c-f6cdd552ce87}</UniqueIdentifier>
    </Filter>
    <Filter Include="UI\Select">
      <UniqueIdentifier>{b0d226be-fe0e-4fa5-9bbc-cc9de3d1abf0}</UniqueIdentifier>
    </Filter>
    <Filter Include="UI\Context">
      <UniqueIdentifier>{45196be2-804e-4bb6-8219-f5603c8ffa20}</UniqueIdentifier>
    </Filter>
    <Filter Include="Sound">
      <UniqueIdentifier>{a9cecd74-87c6-425a-97f9-cfb9e8d50230}</UniqueIdentifier>
    </Filter>
    <Filter Include="Subsystems\Editors">
      <UniqueIdentifier>{39d64149-42b4-4372-8035-547fb6b3358e}</UniqueIdentifier>
    </Filter>
    <Filter Include="Subsystems\Selectors">
      <UniqueIdentifier>{b48b5aef-d70c-4bf6-8e3e-fa459b672e2f}</UniqueIdentifier>
    </Filter>
    <Filter Include="Project">
      <UniqueIdentifier>{d676307b-0a9d-4cc2-869c-a25181616b4a}</UniqueIdentifier>
    </Filter>
  </ItemGroup>
  <ItemGroup>
    <ResourceCompile Include="TBRLGPT.rc">
      <Filter>RC</Filter>
    </ResourceCompile>
  </ItemGroup>
  <ItemGroup>
    <None Include="..\README.md">
      <Filter>Docs</Filter>
    </None>
  </ItemGroup>
  <ItemGroup>
    <Text Include="..\Docs\TODO.md">
      <Filter>Docs</Filter>
    </Text>
  </ItemGroup>
</Project>